
Microsoft Visual Studio Solution File, Format Version 12.00
# Visual Studio Version 18
VisualStudioVersion = 18.1.11312.151 d18.0
MinimumVisualStudioVersion = 10.0.40219.1
Project("{FAE04EC0-301F-11D3-BF4B-00C04F79EFBC}") = "Peets.API", "src\Peets.API\Peets.API.csproj", "{D51388F9-8692-407E-908E-ED7DD249D30B}"
EndProject
Global
	GlobalSection(SolutionConfigurationPlatforms) = preSolution
		Debug|Any CPU = Debug|Any CPU
		Release|Any CPU = Release|Any CPU
	EndGlobalSection
	GlobalSection(ProjectConfigurationPlatforms) = postSolution
		{D51388F9-8692-407E-908E-ED7DD249D30B}.Debug|Any CPU.ActiveCfg = Debug|Any CPU
		{D51388F9-8692-407E-908E-ED7DD249D30B}.Debug|Any CPU.Build.0 = Debug|Any CPU
		{D51388F9-8692-407E-908E-ED7DD249D30B}.Release|Any CPU.ActiveCfg = Release|Any CPU
		{D51388F9-8692-407E-908E-ED7DD249D30B}.Release|Any CPU.Build.0 = Release|Any CPU
	EndGlobalSection
	GlobalSection(SolutionProperties) = preSolution
		HideSolutionNode = FALSE
	EndGlobalSection
	GlobalSection(ExtensibilityGlobals) = postSolution
		SolutionGuid = {4A3DFCE2-97A6-4759-AC40-6FE653EDECAD}
	EndGlobalSection
EndGlobal
